
Microsoft Visual Studio Solution File, Format Version 12.00
# Visual Studio Version 17
VisualStudioVersion = 17.4.33122.133
MinimumVisualStudioVersion = 10.0.40219.1
Project("{9A19103F-16F7-4668-BE54-9A1E7A4F7556}") = "Client", "Client\Client.csproj", "{911D8CE8-D83D-438D-BCA0-62E0206146DC}"
EndProject
Project("{9A19103F-16F7-4668-BE54-9A1E7A4F7556}") = "Api", "Api\Api.csproj", "{B8A6B266-CB04-423A-B79F-DEAC950A899E}"
EndProject
Project("{9A19103F-16F7-4668-BE54-9A1E7A4F7556}") = "Shared", "Shared\Shared.csproj", "{168FBC0B-A75E-4ED1-AE51-13F7F7D67DE9}"
EndProject
Project("{9A19103F-16F7-4668-BE54-9A1E7A4F7556}") = "GetCurrentSeries", "GetCurrentSeries\GetCurrentSeries.csproj", "{12843CA0-C084-4548-936B-8FB62EE7D4C8}"
EndProject
Global
	GlobalSection(SolutionConfigurationPlatforms) = preSolution
		Debug|Any CPU = Debug|Any CPU
		Release|Any CPU = Release|Any CPU
	EndGlobalSection
	GlobalSection(ProjectConfigurationPlatforms) = postSolution
		{911D8CE8-D83D-438D-BCA0-62E0206146DC}.Debug|Any CPU.ActiveCfg = Debug|Any CPU
		{911D8CE8-D83D-438D-BCA0-62E0206146DC}.Debug|Any CPU.Build.0 = Debug|Any CPU
		{911D8CE8-D83D-438D-BCA0-62E0206146DC}.Release|Any CPU.ActiveCfg = Release|Any CPU
		{911D8CE8-D83D-438D-BCA0-62E0206146DC}.Release|Any CPU.Build.0 = Release|Any CPU
		{B8A6B266-CB04-423A-B79F-DEAC950A899E}.Debug|Any CPU.ActiveCfg = Debug|Any CPU
		{B8A6B266-CB04-423A-B79F-DEAC950A899E}.Debug|Any CPU.Build.0 = Debug|Any CPU
		{B8A6B266-CB04-423A-B79F-DEAC950A899E}.Release|Any CPU.ActiveCfg = Release|Any CPU
		{B8A6B266-CB04-423A-B79F-DEAC950A899E}.Release|Any CPU.Build.0 = Release|Any CPU
		{168FBC0B-A75E-4ED1-AE51-13F7F7D67DE9}.Debug|Any CPU.ActiveCfg = Debug|Any CPU
		{168FBC0B-A75E-4ED1-AE51-13F7F7D67DE9}.Debug|Any CPU.Build.0 = Debug|Any CPU
		{168FBC0B-A75E-4ED1-AE51-13F7F7D67DE9}.Release|Any CPU.ActiveCfg = Release|Any CPU
		{168FBC0B-A75E-4ED1-AE51-13F7F7D67DE9}.Release|Any CPU.Build.0 = Release|Any CPU
		{12843CA0-C084-4548-936B-8FB62EE7D4C8}.Debug|Any CPU.ActiveCfg = Debug|Any CPU
		{12843CA0-C084-4548-936B-8FB62EE7D4C8}.Debug|Any CPU.Build.0 = Debug|Any CPU
		{12843CA0-C084-4548-936B-8FB62EE7D4C8}.Release|Any CPU.ActiveCfg = Release|Any CPU
		{12843CA0-C084-4548-936B-8FB62EE7D4C8}.Release|Any CPU.Build.0 = Release|Any CPU
	EndGlobalSection
	GlobalSection(SolutionProperties) = preSolution
		HideSolutionNode = FALSE
	EndGlobalSection
	GlobalSection(ExtensibilityGlobals) = postSolution
		SolutionGuid = {8F168B5D-DFC0-4455-A66D-9D65AECF0C88}
	EndGlobalSection
EndGlobal
